
Microsoft Visual Studio Solution File, Format Version 12.00
# Visual Studio Version 17
VisualStudioVersion = 17.0.31903.59
MinimumVisualStudioVersion = 10.0.40219.1
Project("{FAE04EC0-301F-11D3-BF4B-00C04F79EFBC}") = "MRCD.Domain", "MRCD.Domain\MRCD.Domain.csproj", "{EFBCE3D5-FB07-4D5B-AB2B-BF83DC827D37}"
EndProject
Project("{FAE04EC0-301F-11D3-BF4B-00C04F79EFBC}") = "MRCD.Application", "MRCD.Application\MRCD.Application.csproj", "{8EDBAD43-F245-43CE-9712-EE9DD907DFC1}"
EndProject
Project("{FAE04EC0-301F-11D3-BF4B-00C04F79EFBC}") = "MRCD.Infrastructure", "MRCD.Infrastructure\MRCD.Infrastructure.csproj", "{EC973618-6C7B-4222-A5AC-DD69C98C0679}"
EndProject
Project("{FAE04EC0-301F-11D3-BF4B-00C04F79EFBC}") = "MRCD.API", "MRCD.API\MRCD.API.csproj", "{0A9CF28F-3758-41B1-890F-6B321C2EFC72}"
EndProject
Global
	GlobalSection(SolutionConfigurationPlatforms) = preSolution
		Debug|Any CPU = Debug|Any CPU
		Release|Any CPU = Release|Any CPU
	EndGlobalSection
	GlobalSection(SolutionProperties) = preSolution
		HideSolutionNode = FALSE
	EndGlobalSection
	GlobalSection(ProjectConfigurationPlatforms) = postSolution
		{EFBCE3D5-FB07-4D5B-AB2B-BF83DC827D37}.Debug|Any CPU.ActiveCfg = Debug|Any CPU
		{EFBCE3D5-FB07-4D5B-AB2B-BF83DC827D37}.Debug|Any CPU.Build.0 = Debug|Any CPU
		{EFBCE3D5-FB07-4D5B-AB2B-BF83DC827D37}.Release|Any CPU.ActiveCfg = Release|Any CPU
		{EFBCE3D5-FB07-4D5B-AB2B-BF83DC827D37}.Release|Any CPU.Build.0 = Release|Any CPU
		{8EDBAD43-F245-43CE-9712-EE9DD907DFC1}.Debug|Any CPU.ActiveCfg = Debug|Any CPU
		{8EDBAD43-F245-43CE-9712-EE9DD907DFC1}.Debug|Any CPU.Build.0 = Debug|Any CPU
		{8EDBAD43-F245-43CE-9712-EE9DD907DFC1}.Release|Any CPU.ActiveCfg = Release|Any CPU
		{8EDBAD43-F245-43CE-9712-EE9DD907DFC1}.Release|Any CPU.Build.0 = Release|Any CPU
		{EC973618-6C7B-4222-A5AC-DD69C98C0679}.Debug|Any CPU.ActiveCfg = Debug|Any CPU
		{EC973618-6C7B-4222-A5AC-DD69C98C0679}.Debug|Any CPU.Build.0 = Debug|Any CPU
		{EC973618-6C7B-4222-A5AC-DD69C98C0679}.Release|Any CPU.ActiveCfg = Release|Any CPU
		{EC973618-6C7B-4222-A5AC-DD69C98C0679}.Release|Any CPU.Build.0 = Release|Any CPU
		{0A9CF28F-3758-41B1-890F-6B321C2EFC72}.Debug|Any CPU.ActiveCfg = Debug|Any CPU
		{0A9CF28F-3758-41B1-890F-6B321C2EFC72}.Debug|Any CPU.Build.0 = Debug|Any CPU
		{0A9CF28F-3758-41B1-890F-6B321C2EFC72}.Release|Any CPU.ActiveCfg = Release|Any CPU
		{0A9CF28F-3758-41B1-890F-6B321C2EFC72}.Release|Any CPU.Build.0 = Release|Any CPU
	EndGlobalSection
EndGlobal
